
Microsoft Visual Studio Solution File, Format Version 12.00
# Visual Studio Version 17
VisualStudioVersion = 17.14.36414.22
MinimumVisualStudioVersion = 10.0.40219.1
Project("{2150E333-8FDC-42A3-9474-1A3956D46DE8}") = "Task0", "Task0", "{5E510387-C768-4613-882D-D0EEB01D43CD}"
EndProject
Project("{FAE04EC0-301F-11D3-BF4B-00C04F79EFBC}") = "Tyuiu.MinullinDF.Sprint0.Task0.V0", "Tyuiu.MinullinDF.Sprint0.Task0.V0\Tyuiu.MinullinDF.Sprint0.Task0.V0.csproj", "{7D188425-DB76-4168-82BA-3FFB98DA517C}"
EndProject
Project("{2150E333-8FDC-42A3-9474-1A3956D46DE8}") = "Task1", "Task1", "{02EA681E-C7D8-13C7-8484-4AC65E1B71E8}"
EndProject
Project("{FAE04EC0-301F-11D3-BF4B-00C04F79EFBC}") = "Tyuiu.MinullinDF.Sprint0.Task1.V0", "Tyuiu.MinullinDF.Sprint0.Task1.V0\Tyuiu.MinullinDF.Sprint0.Task1.V0.csproj", "{A5167F88-9DE2-4CFA-8FB8-DDD4047AC36B}"
EndProject
Project("{2150E333-8FDC-42A3-9474-1A3956D46DE8}") = "Task2", "Task2", "{8CBA0150-8277-4D41-8F8F-15B3B55CE2B8}"
EndProject
Project("{FAE04EC0-301F-11D3-BF4B-00C04F79EFBC}") = "Tyuiu.MinullinDF.Sprint0.Task2.V0", "Tyuiu.MinullinDF.Sprint0.Task2.V0\Tyuiu.MinullinDF.Sprint0.Task2.V0.csproj", "{3478C1CE-A4D2-414E-9405-251858FAFE59}"
EndProject
Project("{FAE04EC0-301F-11D3-BF4B-00C04F79EFBC}") = "Tyuiu.MinullinDF.Sprint0.Task2.V0.Lib", "Tyuiu.MinullinDF.Sprint0.Task2.V0.Lib\Tyuiu.MinullinDF.Sprint0.Task2.V0.Lib.csproj", "{3A611501-2158-45CA-B660-319A14F18325}"
EndProject
Project("{FAE04EC0-301F-11D3-BF4B-00C04F79EFBC}") = "Tyuiu.MinullinDF.Sprint0.Task2.V0.Test", "Tyuiu.MinullinDF.Sprint0.Task2.V0.Test\Tyuiu.MinullinDF.Sprint0.Task2.V0.Test.csproj", "{28654C4F-6D94-44D5-8135-A9416BFE6DE1}"
EndProject
Project("{2150E333-8FDC-42A3-9474-1A3956D46DE8}") = "Task3", "Task3", "{05A1228A-196B-433E-B624-2285C2CA1F5C}"
EndProject
Project("{FAE04EC0-301F-11D3-BF4B-00C04F79EFBC}") = "Tyuiu.MinullinDF.Sprint0.Task3.V0.Test", "Tyuiu.MinullinDF.Sprint0.Task3.V0.Test\Tyuiu.MinullinDF.Sprint0.Task3.V0.Test.csproj", "{9C31A637-0A4B-4ABE-9461-55B572C25076}"
EndProject
Project("{FAE04EC0-301F-11D3-BF4B-00C04F79EFBC}") = "Tyuiu.MinullinDF.Sprint0.Task3.V0.Lib", "Tyuiu.MinullinDF.Sprint0.Task3.V0.Lib\Tyuiu.MinullinDF.Sprint0.Task3.V0.Lib.csproj", "{FE38E538-DF49-46ED-A856-FEEA7ADBC982}"
EndProject
Project("{FAE04EC0-301F-11D3-BF4B-00C04F79EFBC}") = "Tyuiu.MinullinDF.Sprint0.Task3.V0", "Tyuiu.MinullinDF.Sprint0.Task3.V0\Tyuiu.MinullinDF.Sprint0.Task3.V0.csproj", "{402846A5-A0F7-48D6-AAF9-0DC3D5C7FDE4}"
EndProject
Project("{2150E333-8FDC-42A3-9474-1A3956D46DE8}") = "Task4", "Task4", "{FC29C283-BAEE-4D40-99B8-3BA8FEE9B7B8}"
EndProject
Project("{FAE04EC0-301F-11D3-BF4B-00C04F79EFBC}") = "Tyuiu.MinullinDF.Sprint0.Task4.V0", "Tyuiu.MinullinDF.Sprint0.Task4.V0\Tyuiu.MinullinDF.Sprint0.Task4.V0.csproj", "{7924A56C-BF3E-48AB-8885-4E9A6011E331}"
EndProject
Project("{FAE04EC0-301F-11D3-BF4B-00C04F79EFBC}") = "Tyuiu.MinullinDF.Sprint0.Task4.V0.Lib", "Tyuiu.MinullinDF.Sprint0.Task4.V0.Lib\Tyuiu.MinullinDF.Sprint0.Task4.V0.Lib.csproj", "{D09AA8B9-2A1C-4B42-87C8-218787EE2AB5}"
EndProject
Project("{FAE04EC0-301F-11D3-BF4B-00C04F79EFBC}") = "Tyuiu.MinullinDF.Sprint0.Task4.V0.Test", "Tyuiu.MinullinDF.Sprint0.Task4.V0.Test\Tyuiu.MinullinDF.Sprint0.Task4.V0.Test.csproj", "{C6CEFB46-E11C-431B-A1E8-81C480DF2787}"
EndProject
Project("{2150E333-8FDC-42A3-9474-1A3956D46DE8}") = "TaskExample", "TaskExample", "{F2449D93-F000-466B-ABEA-EBBBB22B8DA1}"
EndProject
Project("{2150E333-8FDC-42A3-9474-1A3956D46DE8}") = "Task5", "Task5", "{4C9ECFAA-392D-45A3-8AE8-B30E9EA78107}"
EndProject
Project("{FAE04EC0-301F-11D3-BF4B-00C04F79EFBC}") = "Tyuiu.MinullinDF.Sprint0.Task5.V0.Test", "Tyuiu.MinullinDF.Sprint0.Task5.V0.Test\Tyuiu.MinullinDF.Sprint0.Task5.V0.Test.csproj", "{07E9B3FB-D5C1-4600-909E-4799ED2C95B4}"
EndProject
Project("{FAE04EC0-301F-11D3-BF4B-00C04F79EFBC}") = "Tyuiu.MinullinDF.Sprint0.Task5.V0", "Tyuiu.MinullinDF.Sprint0.Task5.V0\Tyuiu.MinullinDF.Sprint0.Task5.V0.csproj", "{094CC7AF-5D44-433B-BBE0-3EC485A8A1B1}"
EndProject
Project("{FAE04EC0-301F-11D3-BF4B-00C04F79EFBC}") = "Tyuiu.MinullinDF.Sprint0.Task5.V0.Lib", "Tyuiu.MinullinDF.Sprint0.Task5.V0.Lib\Tyuiu.MinullinDF.Sprint0.Task5.V0.Lib.csproj", "{5AF7A2CB-8E37-48FA-AEBA-869E8BCF6385}"
EndProject
Project("{2150E333-8FDC-42A3-9474-1A3956D46DE8}") = "Task6", "Task6", "{496CCC17-C5A4-4D02-BE19-06E3A3A2A448}"
EndProject
Project("{FAE04EC0-301F-11D3-BF4B-00C04F79EFBC}") = "Tyuiu.MinullinDF.Sprint0.Task6.V0.Lib", "Tyuiu.MinullinDF.Sprint0.Task6.V0.Lib\Tyuiu.MinullinDF.Sprint0.Task6.V0.Lib.csproj", "{F80ABC68-2327-4390-BC7D-70E98793A5AB}"
EndProject
Project("{FAE04EC0-301F-11D3-BF4B-00C04F79EFBC}") = "Tyuiu.MinullinDF.Sprint0.Task6.V0.Test", "Tyuiu.MinullinDF.Sprint0.Task6.V0.Test\Tyuiu.MinullinDF.Sprint0.Task6.V0.Test.csproj", "{A6CBA637-FB65-47A8-9EBC-003A0B56F319}"
EndProject
Project("{FAE04EC0-301F-11D3-BF4B-00C04F79EFBC}") = "Tyuiu.MinullinDF.Sprint0.Task6.V0", "Tyuiu.MinullinDF.Sprint0.Task6.V0\Tyuiu.MinullinDF.Sprint0.Task6.V0.csproj", "{CBC8F650-BC72-4A8C-A7A3-C8302F0F0ABB}"
EndProject
Global
	GlobalSection(SolutionConfigurationPlatforms) = preSolution
		Debug|Any CPU = Debug|Any CPU
		Release|Any CPU = Release|Any CPU
	EndGlobalSection
	GlobalSection(ProjectConfigurationPlatforms) = postSolution
		{7D188425-DB76-4168-82BA-3FFB98DA517C}.Debug|Any CPU.ActiveCfg = Debug|Any CPU
		{7D188425-DB76-4168-82BA-3FFB98DA517C}.Debug|Any CPU.Build.0 = Debug|Any CPU
		{7D188425-DB76-4168-82BA-3FFB98DA517C}.Release|Any CPU.ActiveCfg = Release|Any CPU
		{7D188425-DB76-4168-82BA-3FFB98DA517C}.Release|Any CPU.Build.0 = Release|Any CPU
		{A5167F88-9DE2-4CFA-8FB8-DDD4047AC36B}.Debug|Any CPU.ActiveCfg = Debug|Any CPU
		{A5167F88-9DE2-4CFA-8FB8-DDD4047AC36B}.Debug|Any CPU.Build.0 = Debug|Any CPU
		{A5167F88-9DE2-4CFA-8FB8-DDD4047AC36B}.Release|Any CPU.ActiveCfg = Release|Any CPU
		{A5167F88-9DE2-4CFA-8FB8-DDD4047AC36B}.Release|Any CPU.Build.0 = Release|Any CPU
		{3478C1CE-A4D2-414E-9405-251858FAFE59}.Debug|Any CPU.ActiveCfg = Debug|Any CPU
		{3478C1CE-A4D2-414E-9405-251858FAFE59}.Debug|Any CPU.Build.0 = Debug|Any CPU
		{3478C1CE-A4D2-414E-9405-251858FAFE59}.Release|Any CPU.ActiveCfg = Release|Any CPU
		{3478C1CE-A4D2-414E-9405-251858FAFE59}.Release|Any CPU.Build.0 = Release|Any CPU
		{3A611501-2158-45CA-B660-319A14F18325}.Debug|Any CPU.ActiveCfg = Debug|Any CPU
		{3A611501-2158-45CA-B660-319A14F18325}.Debug|Any CPU.Build.0 = Debug|Any CPU
		{3A611501-2158-45CA-B660-319A14F18325}.Release|Any CPU.ActiveCfg = Release|Any CPU
		{3A611501-2158-45CA-B660-319A14F18325}.Release|Any CPU.Build.0 = Release|Any CPU
		{28654C4F-6D94-44D5-8135-A9416BFE6DE1}.Debug|Any CPU.ActiveCfg = Debug|Any CPU
		{28654C4F-6D94-44D5-8135-A9416BFE6DE1}.Debug|Any CPU.Build.0 = Debug|Any CPU
		{28654C4F-6D94-44D5-8135-A9416BFE6DE1}.Release|Any CPU.ActiveCfg = Release|Any CPU
		{28654C4F-6D94-44D5-8135-A9416BFE6DE1}.Release|Any CPU.Build.0 = Release|Any CPU
		{9C31A637-0A4B-4ABE-9461-55B572C25076}.Debug|Any CPU.ActiveCfg = Debug|Any CPU
		{9C31A637-0A4B-4ABE-9461-55B572C25076}.Debug|Any CPU.Build.0 = Debug|Any CPU
		{9C31A637-0A4B-4ABE-9461-55B572C25076}.Release|Any CPU.ActiveCfg = Release|Any CPU
		{9C31A637-0A4B-4ABE-9461-55B572C25076}.Release|Any CPU.Build.0 = Release|Any CPU
		{FE38E538-DF49-46ED-A856-FEEA7ADBC982}.Debug|Any CPU.ActiveCfg = Debug|Any CPU
		{FE38E538-DF49-46ED-A856-FEEA7ADBC982}.Debug|Any CPU.Build.0 = Debug|Any CPU
		{FE38E538-DF49-46ED-A856-FEEA7ADBC982}.Release|Any CPU.ActiveCfg = Release|Any CPU
		{FE38E538-DF49-46ED-A856-FEEA7ADBC982}.Release|Any CPU.Build.0 = Release|Any CPU
		{402846A5-A0F7-48D6-AAF9-0DC3D5C7FDE4}.Debug|Any CPU.ActiveCfg = Debug|Any CPU
		{402846A5-A0F7-48D6-AAF9-0DC3D5C7FDE4}.Debug|Any CPU.Build.0 = Debug|Any CPU
		{402846A5-A0F7-48D6-AAF9-0DC3D5C7FDE4}.Release|Any CPU.ActiveCfg = Release|Any CPU
		{402846A5-A0F7-48D6-AAF9-0DC3D5C7FDE4}.Release|Any CPU.Build.0 = Release|Any CPU
		{7924A56C-BF3E-48AB-8885-4E9A6011E331}.Debug|Any CPU.ActiveCfg = Debug|Any CPU
		{7924A56C-BF3E-48AB-8885-4E9A6011E331}.Debug|Any CPU.Build.0 = Debug|Any CPU
		{7924A56C-BF3E-48AB-8885-4E9A6011E331}.Release|Any CPU.ActiveCfg = Release|Any CPU
		{7924A56C-BF3E-48AB-8885-4E9A6011E331}.Release|Any CPU.Build.0 = Release|Any CPU
		{D09AA8B9-2A1C-4B42-87C8-218787EE2AB5}.Debug|Any CPU.ActiveCfg = Debug|Any CPU
		{D09AA8B9-2A1C-4B42-87C8-218787EE2AB5}.Debug|Any CPU.Build.0 = Debug|Any CPU
		{D09AA8B9-2A1C-4B42-87C8-218787EE2AB5}.Release|Any CPU.ActiveCfg = Release|Any CPU
		{D09AA8B9-2A1C-4B42-87C8-218787EE2AB5}.Release|Any CPU.Build.0 = Release|Any CPU
		{C6CEFB46-E11C-431B-A1E8-81C480DF2787}.Debug|Any CPU.ActiveCfg = Debug|Any CPU
		{C6CEFB46-E11C-431B-A1E8-81C480DF2787}.Debug|Any CPU.Build.0 = Debug|Any CPU
		{C6CEFB46-E11C-431B-A1E8-81C480DF2787}.Release|Any CPU.ActiveCfg = Release|Any CPU
		{C6CEFB46-E11C-431B-A1E8-81C480DF2787}.Release|Any CPU.Build.0 = Release|Any CPU
		{07E9B3FB-D5C1-4600-909E-4799ED2C95B4}.Debug|Any CPU.ActiveCfg = Debug|Any CPU
		{07E9B3FB-D5C1-4600-909E-4799ED2C95B4}.Debug|Any CPU.Build.0 = Debug|Any CPU
		{07E9B3FB-D5C1-4600-909E-4799ED2C95B4}.Release|Any CPU.ActiveCfg = Release|Any CPU
		{07E9B3FB-D5C1-4600-909E-4799ED2C95B4}.Release|Any CPU.Build.0 = Release|Any CPU
		{094CC7AF-5D44-433B-BBE0-3EC485A8A1B1}.Debug|Any CPU.ActiveCfg = Debug|Any CPU
		{094CC7AF-5D44-433B-BBE0-3EC485A8A1B1}.Debug|Any CPU.Build.0 = Debug|Any CPU
		{094CC7AF-5D44-433B-BBE0-3EC485A8A1B1}.Release|Any CPU.ActiveCfg = Release|Any CPU
		{094CC7AF-5D44-433B-BBE0-3EC485A8A1B1}.Release|Any CPU.Build.0 = Release|Any CPU
		{5AF7A2CB-8E37-48FA-AEBA-869E8BCF6385}.Debug|Any CPU.ActiveCfg = Debug|Any CPU
		{5AF7A2CB-8E37-48FA-AEBA-869E8BCF6385}.Debug|Any CPU.Build.0 = Debug|Any CPU
		{5AF7A2CB-8E37-48FA-AEBA-869E8BCF6385}.Release|Any CPU.ActiveCfg = Release|Any CPU
		{5AF7A2CB-8E37-48FA-AEBA-869E8BCF6385}.Release|Any CPU.Build.0 = Release|Any CPU
		{F80ABC68-2327-4390-BC7D-70E98793A5AB}.Debug|Any CPU.ActiveCfg = Debug|Any CPU
		{F80ABC68-2327-4390-BC7D-70E98793A5AB}.Debug|Any CPU.Build.0 = Debug|Any CPU
		{F80ABC68-2327-4390-BC7D-70E98793A5AB}.Release|Any CPU.ActiveCfg = Release|Any CPU
		{F80ABC68-2327-4390-BC7D-70E98793A5AB}.Release|Any CPU.Build.0 = Release|Any CPU
		{A6CBA637-FB65-47A8-9EBC-003A0B56F319}.Debug|Any CPU.ActiveCfg = Debug|Any CPU
		{A6CBA637-FB65-47A8-9EBC-003A0B56F319}.Debug|Any CPU.Build.0 = Debug|Any CPU
		{A6CBA637-FB65-47A8-9EBC-003A0B56F319}.Release|Any CPU.ActiveCfg = Release|Any CPU
		{A6CBA637-FB65-47A8-9EBC-003A0B56F319}.Release|Any CPU.Build.0 = Release|Any CPU
		{CBC8F650-BC72-4A8C-A7A3-C8302F0F0ABB}.Debug|Any CPU.ActiveCfg = Debug|Any CPU
		{CBC8F650-BC72-4A8C-A7A3-C8302F0F0ABB}.Debug|Any CPU.Build.0 = Debug|Any CPU
		{CBC8F650-BC72-4A8C-A7A3-C8302F0F0ABB}.Release|Any CPU.ActiveCfg = Release|Any CPU
		{CBC8F650-BC72-4A8C-A7A3-C8302F0F0ABB}.Release|Any CPU.Build.0 = Release|Any CPU
	EndGlobalSection
	GlobalSection(SolutionProperties) = preSolution
		HideSolutionNode = FALSE
	EndGlobalSection
	GlobalSection(NestedProjects) = preSolution
		{7D188425-DB76-4168-82BA-3FFB98DA517C} = {5E510387-C768-4613-882D-D0EEB01D43CD}
		{A5167F88-9DE2-4CFA-8FB8-DDD4047AC36B} = {02EA681E-C7D8-13C7-8484-4AC65E1B71E8}
		{3478C1CE-A4D2-414E-9405-251858FAFE59} = {8CBA0150-8277-4D41-8F8F-15B3B55CE2B8}
		{3A611501-2158-45CA-B660-319A14F18325} = {8CBA0150-8277-4D41-8F8F-15B3B55CE2B8}
		{28654C4F-6D94-44D5-8135-A9416BFE6DE1} = {8CBA0150-8277-4D41-8F8F-15B3B55CE2B8}
		{9C31A637-0A4B-4ABE-9461-55B572C25076} = {05A1228A-196B-433E-B624-2285C2CA1F5C}
		{FE38E538-DF49-46ED-A856-FEEA7ADBC982} = {05A1228A-196B-433E-B624-2285C2CA1F5C}
		{402846A5-A0F7-48D6-AAF9-0DC3D5C7FDE4} = {05A1228A-196B-433E-B624-2285C2CA1F5C}
		{7924A56C-BF3E-48AB-8885-4E9A6011E331} = {FC29C283-BAEE-4D40-99B8-3BA8FEE9B7B8}
		{D09AA8B9-2A1C-4B42-87C8-218787EE2AB5} = {FC29C283-BAEE-4D40-99B8-3BA8FEE9B7B8}
		{C6CEFB46-E11C-431B-A1E8-81C480DF2787} = {FC29C283-BAEE-4D40-99B8-3BA8FEE9B7B8}
		{07E9B3FB-D5C1-4600-909E-4799ED2C95B4} = {4C9ECFAA-392D-45A3-8AE8-B30E9EA78107}
		{094CC7AF-5D44-433B-BBE0-3EC485A8A1B1} = {4C9ECFAA-392D-45A3-8AE8-B30E9EA78107}
		{5AF7A2CB-8E37-48FA-AEBA-869E8BCF6385} = {4C9ECFAA-392D-45A3-8AE8-B30E9EA78107}
		{F80ABC68-2327-4390-BC7D-70E98793A5AB} = {496CCC17-C5A4-4D02-BE19-06E3A3A2A448}
		{A6CBA637-FB65-47A8-9EBC-003A0B56F319} = {496CCC17-C5A4-4D02-BE19-06E3A3A2A448}
		{CBC8F650-BC72-4A8C-A7A3-C8302F0F0ABB} = {496CCC17-C5A4-4D02-BE19-06E3A3A2A448}
	EndGlobalSection
	GlobalSection(ExtensibilityGlobals) = postSolution
		SolutionGuid = {191F56E2-6AD9-4554-BF71-F0416537B199}
	EndGlobalSection
EndGlobal
