
Microsoft Visual Studio Solution File, Format Version 12.00
# Visual Studio Version 17
VisualStudioVersion = 17.14.36414.22 d17.14
MinimumVisualStudioVersion = 10.0.40219.1
Project("{2150E333-8FDC-42A3-9474-1A3956D46DE8}") = "Task0", "Task0", "{5E510387-C768-4613-882D-D0EEB01D43CD}"
EndProject
Project("{FAE04EC0-301F-11D3-BF4B-00C04F79EFBC}") = "Tyuiu.MinullinDF.Sprint0.Task0.V0", "Tyuiu.MinullinDF.Sprint0.Task0.V0\Tyuiu.MinullinDF.Sprint0.Task0.V0.csproj", "{7D188425-DB76-4168-82BA-3FFB98DA517C}"
EndProject
Global
	GlobalSection(SolutionConfigurationPlatforms) = preSolution
		Debug|Any CPU = Debug|Any CPU
		Release|Any CPU = Release|Any CPU
	EndGlobalSection
	GlobalSection(ProjectConfigurationPlatforms) = postSolution
		{7D188425-DB76-4168-82BA-3FFB98DA517C}.Debug|Any CPU.ActiveCfg = Debug|Any CPU
		{7D188425-DB76-4168-82BA-3FFB98DA517C}.Debug|Any CPU.Build.0 = Debug|Any CPU
		{7D188425-DB76-4168-82BA-3FFB98DA517C}.Release|Any CPU.ActiveCfg = Release|Any CPU
		{7D188425-DB76-4168-82BA-3FFB98DA517C}.Release|Any CPU.Build.0 = Release|Any CPU
	EndGlobalSection
	GlobalSection(SolutionProperties) = preSolution
		HideSolutionNode = FALSE
	EndGlobalSection
	GlobalSection(NestedProjects) = preSolution
		{7D188425-DB76-4168-82BA-3FFB98DA517C} = {5E510387-C768-4613-882D-D0EEB01D43CD}
	EndGlobalSection
	GlobalSection(ExtensibilityGlobals) = postSolution
		SolutionGuid = {191F56E2-6AD9-4554-BF71-F0416537B199}
	EndGlobalSection
EndGlobal
